
Microsoft Visual Studio Solution File, Format Version 12.00
# Visual Studio Version 17
VisualStudioVersion = 17.4.33213.308
MinimumVisualStudioVersion = 10.0.40219.1
Project("{FAE04EC0-301F-11D3-BF4B-00C04F79EFBC}") = "TacoBellAPI", "TacoBellAPI\TacoBellAPI.csproj", "{945CBC3F-0032-41C6-BEE0-D1BAE054363A}"
EndProject
Global
	GlobalSection(SolutionConfigurationPlatforms) = preSolution
		Debug|Any CPU = Debug|Any CPU
		Release|Any CPU = Release|Any CPU
	EndGlobalSection
	GlobalSection(ProjectConfigurationPlatforms) = postSolution
		{945CBC3F-0032-41C6-BEE0-D1BAE054363A}.Debug|Any CPU.ActiveCfg = Debug|Any CPU
		{945CBC3F-0032-41C6-BEE0-D1BAE054363A}.Debug|Any CPU.Build.0 = Debug|Any CPU
		{945CBC3F-0032-41C6-BEE0-D1BAE054363A}.Release|Any CPU.ActiveCfg = Release|Any CPU
		{945CBC3F-0032-41C6-BEE0-D1BAE054363A}.Release|Any CPU.Build.0 = Release|Any CPU
	EndGlobalSection
	GlobalSection(SolutionProperties) = preSolution
		HideSolutionNode = FALSE
	EndGlobalSection
	GlobalSection(ExtensibilityGlobals) = postSolution
		SolutionGuid = {26F7F298-FE33-46E7-87B9-6A390FD9359B}
	EndGlobalSection
EndGlobal
